
Microsoft Visual Studio Solution File, Format Version 12.00
# Visual Studio Version 17
VisualStudioVersion = 17.6.33717.318
MinimumVisualStudioVersion = 10.0.40219.1
Project("{9A19103F-16F7-4668-BE54-9A1E7A4F7556}") = "Task1", "Task1\Task1.csproj", "{6DF10AD1-217A-4274-A5E0-5BA1024D02FA}"
EndProject
Project("{FAE04EC0-301F-11D3-BF4B-00C04F79EFBC}") = "Task2", "Task2\Task2.csproj", "{239F5761-31C2-4E88-A811-20E6DAEC6932}"
EndProject
Project("{FAE04EC0-301F-11D3-BF4B-00C04F79EFBC}") = "Task3", "Task3\Task3.csproj", "{1D9FE6DF-BED0-4B3A-A384-7257C902758F}"
EndProject
Project("{FAE04EC0-301F-11D3-BF4B-00C04F79EFBC}") = "Task4", "Task4\Task4.csproj", "{50109F63-FEA0-4082-8C82-15DAA4A1517A}"
EndProject
Global
	GlobalSection(SolutionConfigurationPlatforms) = preSolution
		Debug|Any CPU = Debug|Any CPU
		Release|Any CPU = Release|Any CPU
	EndGlobalSection
	GlobalSection(ProjectConfigurationPlatforms) = postSolution
		{6DF10AD1-217A-4274-A5E0-5BA1024D02FA}.Debug|Any CPU.ActiveCfg = Debug|Any CPU
		{6DF10AD1-217A-4274-A5E0-5BA1024D02FA}.Debug|Any CPU.Build.0 = Debug|Any CPU
		{6DF10AD1-217A-4274-A5E0-5BA1024D02FA}.Release|Any CPU.ActiveCfg = Release|Any CPU
		{6DF10AD1-217A-4274-A5E0-5BA1024D02FA}.Release|Any CPU.Build.0 = Release|Any CPU
		{239F5761-31C2-4E88-A811-20E6DAEC6932}.Debug|Any CPU.ActiveCfg = Debug|Any CPU
		{239F5761-31C2-4E88-A811-20E6DAEC6932}.Debug|Any CPU.Build.0 = Debug|Any CPU
		{239F5761-31C2-4E88-A811-20E6DAEC6932}.Release|Any CPU.ActiveCfg = Release|Any CPU
		{239F5761-31C2-4E88-A811-20E6DAEC6932}.Release|Any CPU.Build.0 = Release|Any CPU
		{1D9FE6DF-BED0-4B3A-A384-7257C902758F}.Debug|Any CPU.ActiveCfg = Debug|Any CPU
		{1D9FE6DF-BED0-4B3A-A384-7257C902758F}.Debug|Any CPU.Build.0 = Debug|Any CPU
		{1D9FE6DF-BED0-4B3A-A384-7257C902758F}.Release|Any CPU.ActiveCfg = Release|Any CPU
		{1D9FE6DF-BED0-4B3A-A384-7257C902758F}.Release|Any CPU.Build.0 = Release|Any CPU
		{50109F63-FEA0-4082-8C82-15DAA4A1517A}.Debug|Any CPU.ActiveCfg = Debug|Any CPU
		{50109F63-FEA0-4082-8C82-15DAA4A1517A}.Debug|Any CPU.Build.0 = Debug|Any CPU
		{50109F63-FEA0-4082-8C82-15DAA4A1517A}.Release|Any CPU.ActiveCfg = Release|Any CPU
		{50109F63-FEA0-4082-8C82-15DAA4A1517A}.Release|Any CPU.Build.0 = Release|Any CPU
	EndGlobalSection
	GlobalSection(SolutionProperties) = preSolution
		HideSolutionNode = FALSE
	EndGlobalSection
	GlobalSection(ExtensibilityGlobals) = postSolution
		SolutionGuid = {9AF2473D-58C0-4235-AE2D-0453E3903519}
	EndGlobalSection
EndGlobal
